
Microsoft Visual Studio Solution File, Format Version 12.00
# Visual Studio Version 16
VisualStudioVersion = 16.0.31424.327
MinimumVisualStudioVersion = 10.0.40219.1
Project("{FAE04EC0-301F-11D3-BF4B-00C04F79EFBC}") = "CarService", "CarService\CarService.csproj", "{75FF97AB-B889-4D42-A388-11DC0FB1DFDE}"
EndProject
Global
	GlobalSection(SolutionConfigurationPlatforms) = preSolution
		Debug|Any CPU = Debug|Any CPU
		Release|Any CPU = Release|Any CPU
	EndGlobalSection
	GlobalSection(ProjectConfigurationPlatforms) = postSolution
		{75FF97AB-B889-4D42-A388-11DC0FB1DFDE}.Debug|Any CPU.ActiveCfg = Debug|Any CPU
		{75FF97AB-B889-4D42-A388-11DC0FB1DFDE}.Debug|Any CPU.Build.0 = Debug|Any CPU
		{75FF97AB-B889-4D42-A388-11DC0FB1DFDE}.Release|Any CPU.ActiveCfg = Release|Any CPU
		{75FF97AB-B889-4D42-A388-11DC0FB1DFDE}.Release|Any CPU.Build.0 = Release|Any CPU
	EndGlobalSection
	GlobalSection(SolutionProperties) = preSolution
		HideSolutionNode = FALSE
	EndGlobalSection
	GlobalSection(ExtensibilityGlobals) = postSolution
		SolutionGuid = {FB8A3EAD-DC42-4244-B0AC-DA1771BF9BB2}
	EndGlobalSection
EndGlobal
